// !$*UTF8*$!
{
	archiveVersion = 1;
	classes = {
	};
	objectVersion = 50;
	objects = {

/* Begin PBXBuildFile section */
		8090D7C0247E2BA200D2F020 /* AppDelegate.swift in Sources */ = {isa = PBXBuildFile; fileRef = 8090D7BF247E2BA200D2F020 /* AppDelegate.swift */; };
		8090D7C2247E2BA200D2F020 /* SceneDelegate.swift in Sources */ = {isa = PBXBuildFile; fileRef = 8090D7C1247E2BA200D2F020 /* SceneDelegate.swift */; };
		8090D7C4247E2BA200D2F020 /* ViewController.swift in Sources */ = {isa = PBXBuildFile; fileRef = 8090D7C3247E2BA200D2F020 /* ViewController.swift */; };
		8090D7C7247E2BA200D2F020 /* Main.storyboard in Resources */ = {isa = PBXBuildFile; fileRef = 8090D7C5247E2BA200D2F020 /* Main.storyboard */; };
		8090D7C9247E2BA800D2F020 /* Assets.xcassets in Resources */ = {isa = PBXBuildFile; fileRef = 8090D7C8247E2BA800D2F020 /* Assets.xcassets */; };
		8090D7CC247E2BA800D2F020 /* LaunchScreen.storyboard in Resources */ = {isa = PBXBuildFile; fileRef = 8090D7CA247E2BA800D2F020 /* LaunchScreen.storyboard */; };
/* End PBXBuildFile section */

/* Begin PBXFileReference section */
		8090D7BC247E2BA200D2F020 /* sampleMVParchitecture.app */ = {isa = PBXFileReference; explicitFileType = wrapper.application; includeInIndex = 0; path = sampleMVParchitecture.app; sourceTree = BUILT_PRODUCTS_DIR; };
		8090D7BF247E2BA200D2F020 /* AppDelegate.swift */ = {isa = PBXFileReference; lastKnownFileType = sourcecode.swift; path = AppDelegate.swift; sourceTree = "<group>"; };
		8090D7C1247E2BA200D2F020 /* SceneDelegate.swift */ = {isa = PBXFileReference; lastKnownFileType = sourcecode.swift; path = SceneDelegate.swift; sourceTree = "<group>"; };
		8090D7C3247E2BA200D2F020 /* ViewController.swift */ = {isa = PBXFileReference; lastKnownFileType = sourcecode.swift; path = ViewController.swift; sourceTree = "<group>"; };
		8090D7C6247E2BA200D2F020 /* Base */ = {isa = PBXFileReference; lastKnownFileType = file.storyboard; name = Base; path = Base.lproj/Main.storyboard; sourceTree = "<group>"; };
		8090D7C8247E2BA800D2F020 /* Assets.xcassets */ = {isa = PBXFileReference; lastKnownFileType = folder.assetcatalog; path = Assets.xcassets; sourceTree = "<group>"; };
		8090D7CB247E2BA800D2F020 /* Base */ = {isa = PBXFileReference; lastKnownFileType = file.storyboard; name = Base; path = Base.lproj/LaunchScreen.storyboard; sourceTree = "<group>"; };
		8090D7CD247E2BA800D2F020 /* Info.plist */ = {isa = PBXFileReference; lastKnownFileType = text.plist.xml; path = Info.plist; sourceTree = "<group>"; };
/* End PBXFileReference section */

/* Begin PBXFrameworksBuildPhase section */
		8090D7B9247E2BA200D2F020 /* Frameworks */ = {
			isa = PBXFrameworksBuildPhase;
			buildActionMask = 2147483647;
			files = (
			);
			runOnlyForDeploymentPostprocessing = 0;
		};
/* End PBXFrameworksBuildPhase section */

/* Begin PBXGroup section */
		8090D7B3247E2BA200D2F020 = {
			isa = PBXGroup;
			children = (
				8090D7BE247E2BA200D2F020 /* sampleMVParchitecture */,
				8090D7BD247E2BA200D2F020 /* Products */,
			);
			sourceTree = "<group>";
		};
		8090D7BD247E2BA200D2F020 /* Products */ = {
			isa = PBXGroup;
			children = (
				8090D7BC247E2BA200D2F020 /* sampleMVParchitecture.app */,
			);
			name = Products;
			sourceTree = "<group>";
		};
		8090D7BE247E2BA200D2F020 /* sampleMVParchitecture */ = {
			isa = PBXGroup;
			children = (
				8090D7BF247E2BA200D2F020 /* AppDelegate.swift */,
				8090D7C1247E2BA200D2F020 /* SceneDelegate.swift */,
				8090D7C3247E2BA200D2F020 /* ViewController.swift */,
				8090D7C5247E2BA200D2F020 /* Main.storyboard */,
				8090D7C8247E2BA800D2F020 /* Assets.xcassets */,
				8090D7CA247E2BA800D2F020 /* LaunchScreen.storyboard */,
				8090D7CD247E2BA800D2F020 /* Info.plist */,
			);
			path = sampleMVParchitecture;
			sourceTree = "<group>";
		};
/* End PBXGroup section */

/* Begin PBXNativeTarget section */
		8090D7BB247E2BA200D2F020 /* sampleMVParchitecture */ = {
			isa = PBXNativeTarget;
			buildConfigurationList = 8090D7D0247E2BA800D2F020 /* Build configuration list for PBXNativeTarget "sampleMVParchitecture" */;
			buildPhases = (
				8090D7B8247E2BA200D2F020 /* Sources */,
				8090D7B9247E2BA200D2F020 /* Frameworks */,
				8090D7BA247E2BA200D2F020 /* Resources */,
			);
			buildRules = (
			);
			dependencies = (
			);
			name = sampleMVParchitecture;
			productName = sampleMVParchitecture;
			productReference = 8090D7BC247E2BA200D2F020 /* sampleMVParchitecture.app */;
			productType = "com.apple.product-type.application";
		};
/* End PBXNativeTarget section */

/* Begin PBXProject section */
		8090D7B4247E2BA200D2F020 /* Project object */ = {
			isa = PBXProject;
			attributes = {
				LastSwiftUpdateCheck = 1150;
				LastUpgradeCheck = 1150;
				ORGANIZATIONNAME = "Josafat Martínez ";
				TargetAttributes = {
					8090D7BB247E2BA200D2F020 = {
						CreatedOnToolsVersion = 11.5;
					};
				};
			};
			buildConfigurationList = 8090D7B7247E2BA200D2F020 /* Build configuration list for PBXProject "sampleMVParchitecture" */;
			compatibilityVersion = "Xcode 9.3";
			developmentRegion = en;
			hasScannedForEncodings = 0;
			knownRegions = (
				en,
				Base,
			);
			mainGroup = 8090D7B3247E2BA200D2F020;
			productRefGroup = 8090D7BD247E2BA200D2F020 /* Products */;
			projectDirPath = "";
			projectRoot = "";
			targets = (
				8090D7BB247E2BA200D2F020 /* sampleMVParchitecture */,
			);
		};
/* End PBXProject section */

/* Begin PBXResourcesBuildPhase section */
		8090D7BA247E2BA200D2F020 /* Resources */ = {
			isa = PBXResourcesBuildPhase;
			buildActionMask = 2147483647;
			files = (
				8090D7CC247E2BA800D2F020 /* LaunchScreen.storyboard in Resources */,
				8090D7C9247E2BA800D2F020 /* Assets.xcassets in Resources */,
				8090D7C7247E2BA200D2F020 /* Main.storyboard in Resources */,
			);
			runOnlyForDeploymentPostprocessing = 0;
		};
/* End PBXResourcesBuildPhase section */

/* Begin PBXSourcesBuildPhase section */
		8090D7B8247E2BA200D2F020 /* Sources */ = {
			isa = PBXSourcesBuildPhase;
			buildActionMask = 2147483647;
			files = (
				8090D7C4247E2BA200D2F020 /* ViewController.swift in Sources */,
				8090D7C0247E2BA200D2F020 /* AppDelegate.swift in Sources */,
				8090D7C2247E2BA200D2F020 /* SceneDelegate.swift in Sources */,
			);
			runOnlyForDeploymentPostprocessing = 0;
		};
/* End PBXSourcesBuildPhase section */

/* Begin PBXVariantGroup section */
		8090D7C5247E2BA200D2F020 /* Main.storyboard */ = {
			isa = PBXVariantGroup;
			children = (
				8090D7C6247E2BA200D2F020 /* Base */,
			);
			name = Main.storyboard;
			sourceTree = "<group>";
		};
		8090D7CA247E2BA800D2F020 /* LaunchScreen.storyboard */ = {
			isa = PBXVariantGroup;
			children = (
				8090D7CB247E2BA800D2F020 /* Base */,
			);
			name = LaunchScreen.storyboard;
			sourceTree = "<group>";
		};
/* End PBXVariantGroup section */

/* Begin XCBuildConfiguration section */
		8090D7CE247E2BA800D2F020 /* Debug */ = {
			isa = XCBuildConfiguration;
			buildSettings = {
				ALWAYS_SEARCH_USER_PATHS = NO;
				CLANG_ANALYZER_NONNULL = YES;
				CLANG_ANALYZER_NUMBER_OBJECT_CONVERSION = YES_AGGRESSIVE;
				CLANG_CXX_LANGUAGE_STANDARD = "gnu++14";
				CLANG_CXX_LIBRARY = "libc++";
				CLANG_ENABLE_MODULES = YES;
				CLANG_ENABLE_OBJC_ARC = YES;
				CLANG_ENABLE_OBJC_WEAK = YES;
				CLANG_WARN_BLOCK_CAPTURE_AUTORELEASING = YES;
				CLANG_WARN_BOOL_CONVERSION = YES;
				CLANG_WARN_COMMA = YES;
				CLANG_WARN_CONSTANT_CONVERSION = YES;
				CLANG_WARN_DEPRECATED_OBJC_IMPLEMENTATIONS = YES;
				CLANG_WARN_DIRECT_OBJC_ISA_USAGE = YES_ERROR;
				CLANG_WARN_DOCUMENTATION_COMMENTS = YES;
				CLANG_WARN_EMPTY_BODY = YES;
				CLANG_WARN_ENUM_CONVERSION = YES;
				CLANG_WARN_INFINITE_RECURSION = YES;
				CLANG_WARN_INT_CONVERSION = YES;
				CLANG_WARN_NON_LITERAL_NULL_CONVERSION = YES;
				CLANG_WARN_OBJC_IMPLICIT_RETAIN_SELF = YES;
				CLANG_WARN_OBJC_LITERAL_CONVERSION = YES;
				CLANG_WARN_OBJC_ROOT_CLASS = YES_ERROR;
				CLANG_WARN_RANGE_LOOP_ANALYSIS = YES;
				CLANG_WARN_STRICT_PROTOTYPES = YES;
				CLANG_WARN_SUSPICIOUS_MOVE = YES;
				CLANG_WARN_UNGUARDED_AVAILABILITY = YES_AGGRESSIVE;
				CLANG_WARN_UNREACHABLE_CODE = YES;
				CLANG_WARN__DUPLICATE_METHOD_MATCH = YES;
				COPY_PHASE_STRIP = NO;
				DEBUG_INFORMATION_FORMAT = dwarf;
				ENABLE_STRICT_OBJC_MSGSEND = YES;
				ENABLE_TESTABILITY = YES;
				GCC_C_LANGUAGE_STANDARD = gnu11;
				GCC_DYNAMIC_NO_PIC = NO;
				GCC_NO_COMMON_BLOCKS = YES;
				GCC_OPTIMIZATION_LEVEL = 0;
				GCC_PREPROCESSOR_DEFINITIONS = (
					"DEBUG=1",
					"$(inherited)",
				);
				GCC_WARN_64_TO_32_BIT_CONVERSION = YES;
				GCC_WARN_ABOUT_RETURN_TYPE = YES_ERROR;
				GCC_WARN_UNDECLARED_SELECTOR = YES;
				GCC_WARN_UNINITIALIZED_AUTOS = YES_AGGRESSIVE;
				GCC_WARN_UNUSED_FUNCTION = YES;
				GCC_WARN_UNUSED_VARIABLE = YES;
				IPHONEOS_DEPLOYMENT_TARGET = 13.5;
				MTL_ENABLE_DEBUG_INFO = INCLUDE_SOURCE;
				MTL_FAST_MATH = YES;
				ONLY_ACTIVE_ARCH = YES;
				SDKROOT = iphoneos;
				SWIFT_ACTIVE_COMPILATION_CONDITIONS = DEBUG;
				SWIFT_OPTIMIZATION_LEVEL = "-Onone";
			};
			name = Debug;
		};
		8090D7CF247E2BA800D2F020 /* Release */ = {
			isa = XCBuildConfiguration;
			buildSettings = {
				ALWAYS_SEARCH_USER_PATHS = NO;
				CLANG_ANALYZER_NONNULL = YES;
				CLANG_ANALYZER_NUMBER_OBJECT_CONVERSION = YES_AGGRESSIVE;
				CLANG_CXX_LANGUAGE_STANDARD = "gnu++14";
				CLANG_CXX_LIBRARY = "libc++";
				CLANG_ENABLE_MODULES = YES;
				CLANG_ENABLE_OBJC_ARC = YES;
				CLANG_ENABLE_OBJC_WEAK = YES;
				CLANG_WARN_BLOCK_CAPTURE_AUTORELEASING = YES;
				CLANG_WARN_BOOL_CONVERSION = YES;
				CLANG_WARN_COMMA = YES;
				CLANG_WARN_CONSTANT_CONVERSION = YES;
				CLANG_WARN_DEPRECATED_OBJC_IMPLEMENTATIONS = YES;
				CLANG_WARN_DIRECT_OBJC_ISA_USAGE = YES_ERROR;
				CLANG_WARN_DOCUMENTATION_COMMENTS = YES;
				CLANG_WARN_EMPTY_BODY = YES;
				CLANG_WARN_ENUM_CONVERSION = YES;
				CLANG_WARN_INFINITE_RECURSION = YES;
				CLANG_WARN_INT_CONVERSION = YES;
				CLANG_WARN_NON_LITERAL_NULL_CONVERSION = YES;
				CLANG_WARN_OBJC_IMPLICIT_RETAIN_SELF = YES;
				CLANG_WARN_OBJC_LITERAL_CONVERSION = YES;
				CLANG_WARN_OBJC_ROOT_CLASS = YES_ERROR;
				CLANG_WARN_RANGE_LOOP_ANALYSIS = YES;
				CLANG_WARN_STRICT_PROTOTYPES = YES;
				CLANG_WARN_SUSPICIOUS_MOVE = YES;
				CLANG_WARN_UNGUARDED_AVAILABILITY = YES_AGGRESSIVE;
				CLANG_WARN_UNREACHABLE_CODE = YES;
				CLANG_WARN__DUPLICATE_METHOD_MATCH = YES;
				COPY_PHASE_STRIP = NO;
				DEBUG_INFORMATION_FORMAT = "dwarf-with-dsym";
				ENABLE_NS_ASSERTIONS = NO;
				ENABLE_STRICT_OBJC_MSGSEND = YES;
				GCC_C_LANGUAGE_STANDARD = gnu11;
				GCC_NO_COMMON_BLOCKS = YES;
				GCC_WARN_64_TO_32_BIT_CONVERSION = YES;
				GCC_WARN_ABOUT_RETURN_TYPE = YES_ERROR;
				GCC_WARN_UNDECLARED_SELECTOR = YES;
				GCC_WARN_UNINITIALIZED_AUTOS = YES_AGGRESSIVE;
				GCC_WARN_UNUSED_FUNCTION = YES;
				GCC_WARN_UNUSED_VARIABLE = YES;
				IPHONEOS_DEPLOYMENT_TARGET = 13.5;
				MTL_ENABLE_DEBUG_INFO = NO;
				MTL_FAST_MATH = YES;
				SDKROOT = iphoneos;
				SWIFT_COMPILATION_MODE = wholemodule;
				SWIFT_OPTIMIZATION_LEVEL = "-O";
				VALIDATE_PRODUCT = YES;
			};
			name = Release;
		};
		8090D7D1247E2BA800D2F020 /* Debug */ = {
			isa = XCBuildConfiguration;
			buildSettings = {
				ASSETCATALOG_COMPILER_APPICON_NAME = AppIcon;
				CODE_SIGN_STYLE = Automatic;
				DEVELOPMENT_TEAM = DM4FD3PCWX;
				INFOPLIST_FILE = sampleMVParchitecture/Info.plist;
				LD_RUNPATH_SEARCH_PATHS = (
					"$(inherited)",
					"@executable_path/Frameworks",
				);
				MARKETING_VERSION = 0.1.0;
				PRODUCT_BUNDLE_IDENTIFIER = com.josafatmtz.sampleMVParchitecture;
				PRODUCT_NAME = "$(TARGET_NAME)";
				SWIFT_VERSION = 5.0;
				TARGETED_DEVICE_FAMILY = "1,2";
			};
			name = Debug;
		};
		8090D7D2247E2BA800D2F020 /* Release */ = {
			isa = XCBuildConfiguration;
			buildSettings = {
				ASSETCATALOG_COMPILER_APPICON_NAME = AppIcon;
				CODE_SIGN_STYLE = Automatic;
				DEVELOPMENT_TEAM = DM4FD3PCWX;
				INFOPLIST_FILE = sampleMVParchitecture/Info.plist;
				LD_RUNPATH_SEARCH_PATHS = (
					"$(inherited)",
					"@executable_path/Frameworks",
				);
				MARKETING_VERSION = 0.1.0;
				PRODUCT_BUNDLE_IDENTIFIER = com.josafatmtz.sampleMVParchitecture;
				PRODUCT_NAME = "$(TARGET_NAME)";
				SWIFT_VERSION = 5.0;
				TARGETED_DEVICE_FAMILY = "1,2";
			};
			name = Release;
		};
/* End XCBuildConfiguration section */

/* Begin XCConfigurationList section */
		8090D7B7247E2BA200D2F020 /* Build configuration list for PBXProject "sampleMVParchitecture" */ = {
			isa = XCConfigurationList;
			buildConfigurations = (
				8090D7CE247E2BA800D2F020 /* Debug */,
				8090D7CF247E2BA800D2F020 /* Release */,
			);
			defaultConfigurationIsVisible = 0;
			defaultConfigurationName = Release;
		};
		8090D7D0247E2BA800D2F020 /* Build configuration list for PBXNativeTarget "sampleMVParchitecture" */ = {
			isa = XCConfigurationList;
			buildConfigurations = (
				8090D7D1247E2BA800D2F020 /* Debug */,
				8090D7D2247E2BA800D2F020 /* Release */,
			);
			defaultConfigurationIsVisible = 0;
			defaultConfigurationName = Release;
		};
/* End XCConfigurationList section */
	};
	rootObject = 8090D7B4247E2BA200D2F020 /* Project object */;
}
